
Microsoft Visual Studio Solution File, Format Version 12.00
# Visual Studio Version 16
VisualStudioVersion = 16.0.32228.343
MinimumVisualStudioVersion = 10.0.40219.1
Project("{FAE04EC0-301F-11D3-BF4B-00C04F79EFBC}") = "ST10085213_ICE_Task_4", "ST10085213_ICE_Task_4.csproj", "{5416B3A9-FC13-434C-B148-0B0AC8EB090D}"
EndProject
Global
	GlobalSection(SolutionConfigurationPlatforms) = preSolution
		Debug|Any CPU = Debug|Any CPU
		Release|Any CPU = Release|Any CPU
	EndGlobalSection
	GlobalSection(ProjectConfigurationPlatforms) = postSolution
		{5416B3A9-FC13-434C-B148-0B0AC8EB090D}.Debug|Any CPU.ActiveCfg = Debug|Any CPU
		{5416B3A9-FC13-434C-B148-0B0AC8EB090D}.Debug|Any CPU.Build.0 = Debug|Any CPU
		{5416B3A9-FC13-434C-B148-0B0AC8EB090D}.Release|Any CPU.ActiveCfg = Release|Any CPU
		{5416B3A9-FC13-434C-B148-0B0AC8EB090D}.Release|Any CPU.Build.0 = Release|Any CPU
	EndGlobalSection
	GlobalSection(SolutionProperties) = preSolution
		HideSolutionNode = FALSE
	EndGlobalSection
	GlobalSection(ExtensibilityGlobals) = postSolution
		SolutionGuid = {30EAB8F0-D052-4897-B9B4-187A8E663983}
	EndGlobalSection
EndGlobal
